
Microsoft Visual Studio Solution File, Format Version 12.00
# Visual Studio Version 17
VisualStudioVersion = 17.2.32505.173
MinimumVisualStudioVersion = 10.0.40219.1
Project("{FAE04EC0-301F-11D3-BF4B-00C04F79EFBC}") = "NoteTaking", "NoteTaking\NoteTaking.csproj", "{5C886FF1-4E28-48F4-B2E1-5B76F13DF305}"
EndProject
Global
	GlobalSection(SolutionConfigurationPlatforms) = preSolution
		Debug|Any CPU = Debug|Any CPU
		Release|Any CPU = Release|Any CPU
	EndGlobalSection
	GlobalSection(ProjectConfigurationPlatforms) = postSolution
		{5C886FF1-4E28-48F4-B2E1-5B76F13DF305}.Debug|Any CPU.ActiveCfg = Debug|Any CPU
		{5C886FF1-4E28-48F4-B2E1-5B76F13DF305}.Debug|Any CPU.Build.0 = Debug|Any CPU
		{5C886FF1-4E28-48F4-B2E1-5B76F13DF305}.Release|Any CPU.ActiveCfg = Release|Any CPU
		{5C886FF1-4E28-48F4-B2E1-5B76F13DF305}.Release|Any CPU.Build.0 = Release|Any CPU
	EndGlobalSection
	GlobalSection(SolutionProperties) = preSolution
		HideSolutionNode = FALSE
	EndGlobalSection
	GlobalSection(ExtensibilityGlobals) = postSolution
		SolutionGuid = {D63BE956-2662-4B7D-A4F2-BEDEED3D1F3E}
	EndGlobalSection
EndGlobal
